{
  "name": "backend",
  "lockfileVersion": 3,
  "requires": true,
  "packages": {
    "": {
      "devDependencies": {
        "@types/newrelic": "^9.14.8"
      }
    },
    "node_modules/@types/newrelic": {
      "version": "9.14.8",
      "resolved": "https://registry.npmjs.org/@types/newrelic/-/newrelic-9.14.8.tgz",
      "integrity": "sha512-rkOTEVR7Lui4TTEykDUxIxCbFkcI/yw3C8URLOWM84zjuHh9W35RAequHTEvGBbbrLCdn43FVTHMLji4uunDWQ==",
      "dev": true,
      "license": "MIT"
    }
  }
}
